{
  "version": 4,
  "terraform_version": "1.13.4",
  "serial": 52,
  "lineage": "79547270-ba8c-4dc7-8883-4c144d40f816",
  "outputs": {},
  "resources": [
    {
      "mode": "managed",
      "type": "aws_instance",
      "name": "dbs_server",
      "provider": "provider[\"registry.terraform.io/hashicorp/aws\"]",
      "instances": [
        {
          "status": "tainted",
          "schema_version": 2,
          "attributes": {
            "ami": "ami-0c5204531f799e0c6",
            "arn": "arn:aws:ec2:us-west-2:741722034272:instance/i-04f5d9e480f3da291",
            "associate_public_ip_address": true,
            "availability_zone": "us-west-2b",
            "capacity_reservation_specification": [
              {
                "capacity_reservation_preference": "open",
                "capacity_reservation_target": []
              }
            ],
            "cpu_options": [
              {
                "amd_sev_snp": "",
                "core_count": 1,
                "threads_per_core": 2
              }
            ],
            "credit_specification": [
              {
                "cpu_credits": "unlimited"
              }
            ],
            "disable_api_stop": false,
            "disable_api_termination": false,
            "ebs_block_device": [],
            "ebs_optimized": false,
            "enable_primary_ipv6": null,
            "enclave_options": [
              {
                "enabled": false
              }
            ],
            "ephemeral_block_device": [],
            "force_destroy": false,
            "get_password_data": false,
            "hibernation": false,
            "host_id": "",
            "host_resource_group_arn": null,
            "iam_instance_profile": "",
            "id": "i-04f5d9e480f3da291",
            "instance_initiated_shutdown_behavior": "stop",
            "instance_lifecycle": "",
            "instance_market_options": [],
            "instance_state": "running",
            "instance_type": "t3.micro",
            "ipv6_address_count": 0,
            "ipv6_addresses": [],
            "key_name": "pooja_terraform_key",
            "launch_template": [],
            "maintenance_options": [
              {
                "auto_recovery": "default"
              }
            ],
            "metadata_options": [
              {
                "http_endpoint": "enabled",
                "http_protocol_ipv6": "disabled",
                "http_put_response_hop_limit": 1,
                "http_tokens": "optional",
                "instance_metadata_tags": "disabled"
              }
            ],
            "monitoring": false,
            "network_interface": [],
            "outpost_arn": "",
            "password_data": "",
            "placement_group": "",
            "placement_group_id": "",
            "placement_partition_number": 0,
            "primary_network_interface": [
              {
                "delete_on_termination": true,
                "network_interface_id": "eni-08a3e5f3a19f74d5f"
              }
            ],
            "primary_network_interface_id": "eni-08a3e5f3a19f74d5f",
            "private_dns": "ip-172-31-20-224.us-west-2.compute.internal",
            "private_dns_name_options": [
              {
                "enable_resource_name_dns_a_record": false,
                "enable_resource_name_dns_aaaa_record": false,
                "hostname_type": "ip-name"
              }
            ],
            "private_ip": "172.31.20.224",
            "public_dns": "ec2-54-184-97-143.us-west-2.compute.amazonaws.com",
            "public_ip": "54.184.97.143",
            "region": "us-west-2",
            "root_block_device": [
              {
                "delete_on_termination": true,
                "device_name": "/dev/xvda",
                "encrypted": false,
                "iops": 100,
                "kms_key_id": "",
                "tags": {},
                "tags_all": {},
                "throughput": 0,
                "volume_id": "vol-006bb8fff5640984b",
                "volume_size": 8,
                "volume_type": "gp2"
              }
            ],
            "secondary_private_ips": [],
            "security_groups": [
              "pooja_allow_ssh"
            ],
            "source_dest_check": true,
            "spot_instance_request_id": "",
            "subnet_id": "subnet-0d8fac398bff125af",
            "tags": {
              "Name": "DBS_Server"
            },
            "tags_all": {
              "Name": "DBS_Server"
            },
            "tenancy": "default",
            "timeouts": null,
            "user_data": null,
            "user_data_base64": null,
            "user_data_replace_on_change": false,
            "volume_tags": null,
            "vpc_security_group_ids": [
              "sg-084eec8a0f169e61e"
            ]
          },
          "sensitive_attributes": [],
          "identity_schema_version": 0,
          "identity": {
            "account_id": "741722034272",
            "id": "i-04f5d9e480f3da291",
            "region": "us-west-2"
          },
          "private": "eyJlMmJmYjczMC1lY2FhLTExZTYtOGY4OC0zNDM2M2JjN2M0YzAiOnsiY3JlYXRlIjo2MDAwMDAwMDAwMDAsImRlbGV0ZSI6MTIwMDAwMDAwMDAwMCwicmVhZCI6OTAwMDAwMDAwMDAwLCJ1cGRhdGUiOjYwMDAwMDAwMDAwMH0sInNjaGVtYV92ZXJzaW9uIjoiMiJ9",
          "dependencies": [
            "aws_key_pair.pooja_terraform_key",
            "aws_security_group.pooja_security_group"
          ]
        }
      ]
    },
    {
      "mode": "managed",
      "type": "aws_key_pair",
      "name": "pooja_terraform_key",
      "provider": "provider[\"registry.terraform.io/hashicorp/aws\"]",
      "instances": [
        {
          "schema_version": 1,
          "attributes": {
            "arn": "arn:aws:ec2:us-west-2:741722034272:key-pair/pooja_terraform_key",
            "fingerprint": "58:98:8d:96:a6:ce:0f:6f:72:bc:22:53:95:50:24:6b",
            "id": "pooja_terraform_key",
            "key_name": "pooja_terraform_key",
            "key_name_prefix": "",
            "key_pair_id": "key-07b4a17f3cc608c8d",
            "key_type": "rsa",
            "public_key": "ssh-rsa AAAAB3NzaC1yc2EAAAADAQABAAACAQCqLIignY50y2DJsDToFfQgcnahAAuQB8M6p990udS3yYjoWKTbEjeV9EXeJzuGB3bomvcK70n0tEtbj8WxVaGKpcffaZ+kn0B4HXFeMzVSE6aia0IWzIf9crMcgGTNMxYOEMMljSTWQWGMNA3u9KClqYofBLvnNd39YSbol8NS857hjar6xNp4leTgOnBbbSnr16uzeswkG581WC41mh7IkF6FOhYOGAQXo+5P9F5QcbK/iCq493po4Lqk4XcvGaRrVGXr7LIw7hV9aPL1oG9URh9mCNWCGevm+VXNVt341x9Ff+yYvrJUv8AmSwToaSQ6cXN3yswFJmELv6vEo/ZrH+XND/bjt4UKIlPTBXbDP+w2CTXTVcDcZej6pt/LEr+ZbaAN61j8KEKXDn+Orvu/zt6/Cr3QckVFsr2Mo7ayu2rovrxQwcWdbc1gNA/LhNetvpvxIStvxzrQ1ZKkrcDr4cKhDlFm4WS64JYwgitvpmEygvl+gQmvNGeRl0oBs6rc5gRpKjR5NkdQycL0+c3iNCmHDAMcOnQeBTMTzNyIBa1jmcDpBgqcKDQ6dVjKr8GrpmoWGnhK3wn7rqrqn/Sp+ZNOlaCB9Wdnn3clAHMWJ3OwdGJ0bVZIJCML3O9mGc6iTkB0hMUPZ7dDdhXIPUJnIWhNNP4o0SaX8TXVitUpyw== pooshree@gmail.com",
            "region": "us-west-2",
            "tags": {},
            "tags_all": {}
          },
          "sensitive_attributes": [],
          "identity_schema_version": 0,
          "private": "eyJzY2hlbWFfdmVyc2lvbiI6IjEifQ=="
        }
      ]
    },
    {
      "mode": "managed",
      "type": "aws_security_group",
      "name": "pooja_security_group",
      "provider": "provider[\"registry.terraform.io/hashicorp/aws\"]",
      "instances": [
        {
          "schema_version": 1,
          "attributes": {
            "arn": "arn:aws:ec2:us-west-2:741722034272:security-group/sg-084eec8a0f169e61e",
            "description": "Allow SSH inbound traffic",
            "egress": [
              {
                "cidr_blocks": [
                  "0.0.0.0/0"
                ],
                "description": "",
                "from_port": 0,
                "ipv6_cidr_blocks": [],
                "prefix_list_ids": [],
                "protocol": "-1",
                "security_groups": [],
                "self": false,
                "to_port": 0
              }
            ],
            "id": "sg-084eec8a0f169e61e",
            "ingress": [
              {
                "cidr_blocks": [
                  "0.0.0.0/0"
                ],
                "description": "",
                "from_port": 22,
                "ipv6_cidr_blocks": [],
                "prefix_list_ids": [],
                "protocol": "tcp",
                "security_groups": [],
                "self": false,
                "to_port": 22
              },
              {
                "cidr_blocks": [
                  "0.0.0.0/0"
                ],
                "description": "",
                "from_port": 443,
                "ipv6_cidr_blocks": [],
                "prefix_list_ids": [],
                "protocol": "tcp",
                "security_groups": [],
                "self": false,
                "to_port": 443
              },
              {
                "cidr_blocks": [
                  "0.0.0.0/0"
                ],
                "description": "",
                "from_port": 80,
                "ipv6_cidr_blocks": [],
                "prefix_list_ids": [],
                "protocol": "tcp",
                "security_groups": [],
                "self": false,
                "to_port": 80
              }
            ],
            "name": "pooja_allow_ssh",
            "name_prefix": "",
            "owner_id": "741722034272",
            "region": "us-west-2",
            "revoke_rules_on_delete": false,
            "tags": {},
            "tags_all": {},
            "timeouts": null,
            "vpc_id": "vpc-0ad7733f2684220f1"
          },
          "sensitive_attributes": [],
          "identity_schema_version": 0,
          "identity": {
            "account_id": "741722034272",
            "id": "sg-084eec8a0f169e61e",
            "region": "us-west-2"
          },
          "private": "eyJlMmJmYjczMC1lY2FhLTExZTYtOGY4OC0zNDM2M2JjN2M0YzAiOnsiY3JlYXRlIjo2MDAwMDAwMDAwMDAsImRlbGV0ZSI6OTAwMDAwMDAwMDAwfSwic2NoZW1hX3ZlcnNpb24iOiIxIn0="
        }
      ]
    }
  ],
  "check_results": null
}
